{
  "name": "assingment1",
  "version": "1.0.0",
  "lockfileVersion": 3,
  "requires": true,
  "packages": {
    "": {
      "name": "assingment1",
      "version": "1.0.0",
      "license": "ISC",
      "dependencies": {
        "pnpm": "^9.11.0"
      }
    },
    "node_modules/pnpm": {
      "version": "9.11.0",
      "resolved": "https://registry.npmjs.org/pnpm/-/pnpm-9.11.0.tgz",
      "integrity": "sha512-CiA/+u1aP2MkLNBkyPtYkjZsED4ygHkxj3gGLyTqjJ1QvGpHqjVnyr79gk0XDnj6J0XtHxaxMuFkNhRrdojxmw==",
      "license": "MIT",
      "bin": {
        "pnpm": "bin/pnpm.cjs",
        "pnpx": "bin/pnpx.cjs"
      },
      "engines": {
        "node": ">=18.12"
      },
      "funding": {
        "url": "https://opencollective.com/pnpm"
      }
    }
  }
}
